
Microsoft Visual Studio Solution File, Format Version 12.00
# Visual Studio Version 16
VisualStudioVersion = 16.0.30309.148
MinimumVisualStudioVersion = 10.0.40219.1
Project("{FAE04EC0-301F-11D3-BF4B-00C04F79EFBC}") = "11_5_Lab dB 2 C 2HTML", "11_5_Lab dB 2 C 2HTML.csproj", "{739D8C51-A332-43A3-BB59-63EB93C06D24}"
EndProject
Global
	GlobalSection(SolutionConfigurationPlatforms) = preSolution
		Debug|Any CPU = Debug|Any CPU
		Release|Any CPU = Release|Any CPU
	EndGlobalSection
	GlobalSection(ProjectConfigurationPlatforms) = postSolution
		{739D8C51-A332-43A3-BB59-63EB93C06D24}.Debug|Any CPU.ActiveCfg = Debug|Any CPU
		{739D8C51-A332-43A3-BB59-63EB93C06D24}.Debug|Any CPU.Build.0 = Debug|Any CPU
		{739D8C51-A332-43A3-BB59-63EB93C06D24}.Release|Any CPU.ActiveCfg = Release|Any CPU
		{739D8C51-A332-43A3-BB59-63EB93C06D24}.Release|Any CPU.Build.0 = Release|Any CPU
	EndGlobalSection
	GlobalSection(SolutionProperties) = preSolution
		HideSolutionNode = FALSE
	EndGlobalSection
	GlobalSection(ExtensibilityGlobals) = postSolution
		SolutionGuid = {10D2D5F4-F497-40DB-8B35-94923EDD1708}
	EndGlobalSection
EndGlobal
